
Microsoft Visual Studio Solution File, Format Version 12.00
# Visual Studio Version 17
VisualStudioVersion = 17.9.34723.18
MinimumVisualStudioVersion = 10.0.40219.1
Project("{FAE04EC0-301F-11D3-BF4B-00C04F79EFBC}") = "WireTech", "WireTech\WireTech.csproj", "{6A986D66-3883-42A7-895D-2551D44CE85E}"
EndProject
Project("{FAE04EC0-301F-11D3-BF4B-00C04F79EFBC}") = "WireTechService", "WireTechService\WireTechService.csproj", "{48D3CB66-7D44-4A72-B3FB-CEF02172BEFB}"
EndProject
Global
	GlobalSection(SolutionConfigurationPlatforms) = preSolution
		Debug|Any CPU = Debug|Any CPU
		Release|Any CPU = Release|Any CPU
	EndGlobalSection
	GlobalSection(ProjectConfigurationPlatforms) = postSolution
		{6A986D66-3883-42A7-895D-2551D44CE85E}.Debug|Any CPU.ActiveCfg = Debug|Any CPU
		{6A986D66-3883-42A7-895D-2551D44CE85E}.Debug|Any CPU.Build.0 = Debug|Any CPU
		{6A986D66-3883-42A7-895D-2551D44CE85E}.Release|Any CPU.ActiveCfg = Release|Any CPU
		{6A986D66-3883-42A7-895D-2551D44CE85E}.Release|Any CPU.Build.0 = Release|Any CPU
		{48D3CB66-7D44-4A72-B3FB-CEF02172BEFB}.Debug|Any CPU.ActiveCfg = Debug|Any CPU
		{48D3CB66-7D44-4A72-B3FB-CEF02172BEFB}.Debug|Any CPU.Build.0 = Debug|Any CPU
		{48D3CB66-7D44-4A72-B3FB-CEF02172BEFB}.Release|Any CPU.ActiveCfg = Release|Any CPU
		{48D3CB66-7D44-4A72-B3FB-CEF02172BEFB}.Release|Any CPU.Build.0 = Release|Any CPU
	EndGlobalSection
	GlobalSection(SolutionProperties) = preSolution
		HideSolutionNode = FALSE
	EndGlobalSection
	GlobalSection(ExtensibilityGlobals) = postSolution
		SolutionGuid = {18C40692-1EAD-424E-9DFA-A0ABC2BBB287}
	EndGlobalSection
EndGlobal
